
Microsoft Visual Studio Solution File, Format Version 12.00
# Visual Studio Version 17
VisualStudioVersion = 17.13.35931.197 d17.13
MinimumVisualStudioVersion = 10.0.40219.1
Project("{FAE04EC0-301F-11D3-BF4B-00C04F79EFBC}") = "SimpleHabitTracker", "SimpleHabitTracker.csproj", "{76DFD0A2-5502-4E1A-86AA-59335B32F95F}"
EndProject
Global
	GlobalSection(SolutionConfigurationPlatforms) = preSolution
		Debug|Any CPU = Debug|Any CPU
		Release|Any CPU = Release|Any CPU
	EndGlobalSection
	GlobalSection(ProjectConfigurationPlatforms) = postSolution
		{76DFD0A2-5502-4E1A-86AA-59335B32F95F}.Debug|Any CPU.ActiveCfg = Debug|Any CPU
		{76DFD0A2-5502-4E1A-86AA-59335B32F95F}.Debug|Any CPU.Build.0 = Debug|Any CPU
		{76DFD0A2-5502-4E1A-86AA-59335B32F95F}.Release|Any CPU.ActiveCfg = Release|Any CPU
		{76DFD0A2-5502-4E1A-86AA-59335B32F95F}.Release|Any CPU.Build.0 = Release|Any CPU
	EndGlobalSection
	GlobalSection(SolutionProperties) = preSolution
		HideSolutionNode = FALSE
	EndGlobalSection
	GlobalSection(ExtensibilityGlobals) = postSolution
		SolutionGuid = {CE3D7939-ABDF-4690-937E-C14C67B6694D}
	EndGlobalSection
EndGlobal
